// !$*UTF8*$!
{
	archiveVersion = 1;
	classes = {
	};
	objectVersion = 46;
	objects = {

/* Begin PBXBuildFile section */
		4A4EB9ED1E65DB8A007178BA /* ViewController.swift in Sources */ = {isa = PBXBuildFile; fileRef = 4A4EB9EC1E65DB8A007178BA /* ViewController.swift */; };
		4A4EB9F21E65DB8A007178BA /* Assets.xcassets in Resources */ = {isa = PBXBuildFile; fileRef = 4A4EB9F11E65DB8A007178BA /* Assets.xcassets */; };
		4A4EB9F51E65DB8A007178BA /* LaunchScreen.storyboard in Resources */ = {isa = PBXBuildFile; fileRef = 4A4EB9F31E65DB8A007178BA /* LaunchScreen.storyboard */; };
		A4306B361E67FC9500137747 /* AppDelegate.swift in Sources */ = {isa = PBXBuildFile; fileRef = A4306B351E67FC9500137747 /* AppDelegate.swift */; };
		A4306B381E67FDBD00137747 /* RKMainNavigationController.swift in Sources */ = {isa = PBXBuildFile; fileRef = A4306B371E67FDBD00137747 /* RKMainNavigationController.swift */; };
		A4306B3A1E67FFE900137747 /* RKUIConfig.swift in Sources */ = {isa = PBXBuildFile; fileRef = A4306B391E67FFE900137747 /* RKUIConfig.swift */; };
		A4306B3C1E68038E00137747 /* RKMainTabBarController.swift in Sources */ = {isa = PBXBuildFile; fileRef = A4306B3B1E68038E00137747 /* RKMainTabBarController.swift */; };
		A4306B3E1E68148700137747 /* RKadasfgd.swift in Sources */ = {isa = PBXBuildFile; fileRef = A4306B3D1E68148700137747 /* RKadasfgd.swift */; };
		A4306B401E68149400137747 /* RKertbrtbfgb.swift in Sources */ = {isa = PBXBuildFile; fileRef = A4306B3F1E68149400137747 /* RKertbrtbfgb.swift */; };
		A4306B421E6814A000137747 /* RKwerwrebb.swift in Sources */ = {isa = PBXBuildFile; fileRef = A4306B411E6814A000137747 /* RKwerwrebb.swift */; };
		A4306B441E6814AA00137747 /* RKfgdhfjgmj.swift in Sources */ = {isa = PBXBuildFile; fileRef = A4306B431E6814AA00137747 /* RKfgdhfjgmj.swift */; };
		B2373102A1DA363AB8B8FAC2 /* Pods_Ryuk.framework in Frameworks */ = {isa = PBXBuildFile; fileRef = 4DFED22FD52045B30FDFC3CF /* Pods_Ryuk.framework */; };
/* End PBXBuildFile section */

/* Begin PBXFileReference section */
		4A4EB9E71E65DB8A007178BA /* Ryuk.app */ = {isa = PBXFileReference; explicitFileType = wrapper.application; includeInIndex = 0; path = Ryuk.app; sourceTree = BUILT_PRODUCTS_DIR; };
		4A4EB9EC1E65DB8A007178BA /* ViewController.swift */ = {isa = PBXFileReference; lastKnownFileType = sourcecode.swift; path = ViewController.swift; sourceTree = "<group>"; };
		4A4EB9F11E65DB8A007178BA /* Assets.xcassets */ = {isa = PBXFileReference; lastKnownFileType = folder.assetcatalog; path = Assets.xcassets; sourceTree = "<group>"; };
		4A4EB9F41E65DB8A007178BA /* Base */ = {isa = PBXFileReference; lastKnownFileType = file.storyboard; name = Base; path = Base.lproj/LaunchScreen.storyboard; sourceTree = "<group>"; };
		4A4EB9F61E65DB8A007178BA /* Info.plist */ = {isa = PBXFileReference; lastKnownFileType = text.plist.xml; path = Info.plist; sourceTree = "<group>"; };
		4DFED22FD52045B30FDFC3CF /* Pods_Ryuk.framework */ = {isa = PBXFileReference; explicitFileType = wrapper.framework; includeInIndex = 0; path = Pods_Ryuk.framework; sourceTree = BUILT_PRODUCTS_DIR; };
		A4306B351E67FC9500137747 /* AppDelegate.swift */ = {isa = PBXFileReference; fileEncoding = 4; lastKnownFileType = sourcecode.swift; path = AppDelegate.swift; sourceTree = "<group>"; };
		A4306B371E67FDBD00137747 /* RKMainNavigationController.swift */ = {isa = PBXFileReference; fileEncoding = 4; lastKnownFileType = sourcecode.swift; path = RKMainNavigationController.swift; sourceTree = "<group>"; };
		A4306B391E67FFE900137747 /* RKUIConfig.swift */ = {isa = PBXFileReference; fileEncoding = 4; lastKnownFileType = sourcecode.swift; path = RKUIConfig.swift; sourceTree = "<group>"; };
		A4306B3B1E68038E00137747 /* RKMainTabBarController.swift */ = {isa = PBXFileReference; fileEncoding = 4; lastKnownFileType = sourcecode.swift; path = RKMainTabBarController.swift; sourceTree = "<group>"; };
		A4306B3D1E68148700137747 /* RKadasfgd.swift */ = {isa = PBXFileReference; fileEncoding = 4; lastKnownFileType = sourcecode.swift; path = RKadasfgd.swift; sourceTree = "<group>"; };
		A4306B3F1E68149400137747 /* RKertbrtbfgb.swift */ = {isa = PBXFileReference; fileEncoding = 4; lastKnownFileType = sourcecode.swift; path = RKertbrtbfgb.swift; sourceTree = "<group>"; };
		A4306B411E6814A000137747 /* RKwerwrebb.swift */ = {isa = PBXFileReference; fileEncoding = 4; lastKnownFileType = sourcecode.swift; path = RKwerwrebb.swift; sourceTree = "<group>"; };
		A4306B431E6814AA00137747 /* RKfgdhfjgmj.swift */ = {isa = PBXFileReference; fileEncoding = 4; lastKnownFileType = sourcecode.swift; path = RKfgdhfjgmj.swift; sourceTree = "<group>"; };
		A7ED7BB2B075FE3E8A5D9BA1 /* Pods-Ryuk.debug.xcconfig */ = {isa = PBXFileReference; includeInIndex = 1; lastKnownFileType = text.xcconfig; name = "Pods-Ryuk.debug.xcconfig"; path = "Pods/Target Support Files/Pods-Ryuk/Pods-Ryuk.debug.xcconfig"; sourceTree = "<group>"; };
		BD9EBA16B07CFD5389702E75 /* Pods-Ryuk.release.xcconfig */ = {isa = PBXFileReference; includeInIndex = 1; lastKnownFileType = text.xcconfig; name = "Pods-Ryuk.release.xcconfig"; path = "Pods/Target Support Files/Pods-Ryuk/Pods-Ryuk.release.xcconfig"; sourceTree = "<group>"; };
/* End PBXFileReference section */

/* Begin PBXFrameworksBuildPhase section */
		4A4EB9E41E65DB89007178BA /* Frameworks */ = {
			isa = PBXFrameworksBuildPhase;
			buildActionMask = 2147483647;
			files = (
				B2373102A1DA363AB8B8FAC2 /* Pods_Ryuk.framework in Frameworks */,
			);
			runOnlyForDeploymentPostprocessing = 0;
		};
/* End PBXFrameworksBuildPhase section */

/* Begin PBXGroup section */
		258B0AFFE89958F4F752560F /* Pods */ = {
			isa = PBXGroup;
			children = (
				A7ED7BB2B075FE3E8A5D9BA1 /* Pods-Ryuk.debug.xcconfig */,
				BD9EBA16B07CFD5389702E75 /* Pods-Ryuk.release.xcconfig */,
			);
			name = Pods;
			sourceTree = "<group>";
		};
		4A4EB9DE1E65DB89007178BA = {
			isa = PBXGroup;
			children = (
				4A4EB9E91E65DB8A007178BA /* Ryuk */,
				4A4EB9E81E65DB8A007178BA /* Products */,
				258B0AFFE89958F4F752560F /* Pods */,
				980CF23C54A301BD2BF6F6E3 /* Frameworks */,
			);
			sourceTree = "<group>";
		};
		4A4EB9E81E65DB8A007178BA /* Products */ = {
			isa = PBXGroup;
			children = (
				4A4EB9E71E65DB8A007178BA /* Ryuk.app */,
			);
			name = Products;
			sourceTree = "<group>";
		};
		4A4EB9E91E65DB8A007178BA /* Ryuk */ = {
			isa = PBXGroup;
			children = (
				A4306B2E1E67FA9D00137747 /* Crust */,
				A4306B331E67FA9D00137747 /* Modules */,
				A4306B341E67FA9D00137747 /* Utilities */,
				4A4EB9EC1E65DB8A007178BA /* ViewController.swift */,
				4A4EB9F11E65DB8A007178BA /* Assets.xcassets */,
				4A4EB9F31E65DB8A007178BA /* LaunchScreen.storyboard */,
				4A4EB9F61E65DB8A007178BA /* Info.plist */,
			);
			path = Ryuk;
			sourceTree = "<group>";
		};
		980CF23C54A301BD2BF6F6E3 /* Frameworks */ = {
			isa = PBXGroup;
			children = (
				4DFED22FD52045B30FDFC3CF /* Pods_Ryuk.framework */,
			);
			name = Frameworks;
			sourceTree = "<group>";
		};
		A4306B2E1E67FA9D00137747 /* Crust */ = {
			isa = PBXGroup;
			children = (
				A4306B2F1E67FA9D00137747 /* Category */,
				A4306B301E67FA9D00137747 /* Config */,
				A4306B311E67FA9D00137747 /* Main */,
				A4306B321E67FA9D00137747 /* Model */,
			);
			path = Crust;
			sourceTree = "<group>";
		};
		A4306B2F1E67FA9D00137747 /* Category */ = {
			isa = PBXGroup;
			children = (
				A4306B3D1E68148700137747 /* RKadasfgd.swift */,
			);
			path = Category;
			sourceTree = "<group>";
		};
		A4306B301E67FA9D00137747 /* Config */ = {
			isa = PBXGroup;
			children = (
				A4306B391E67FFE900137747 /* RKUIConfig.swift */,
			);
			path = Config;
			sourceTree = "<group>";
		};
		A4306B311E67FA9D00137747 /* Main */ = {
			isa = PBXGroup;
			children = (
				A4306B351E67FC9500137747 /* AppDelegate.swift */,
				A4306B371E67FDBD00137747 /* RKMainNavigationController.swift */,
				A4306B3B1E68038E00137747 /* RKMainTabBarController.swift */,
			);
			path = Main;
			sourceTree = "<group>";
		};
		A4306B321E67FA9D00137747 /* Model */ = {
			isa = PBXGroup;
			children = (
				A4306B3F1E68149400137747 /* RKertbrtbfgb.swift */,
			);
			path = Model;
			sourceTree = "<group>";
		};
		A4306B331E67FA9D00137747 /* Modules */ = {
			isa = PBXGroup;
			children = (
				A4306B411E6814A000137747 /* RKwerwrebb.swift */,
			);
			path = Modules;
			sourceTree = "<group>";
		};
		A4306B341E67FA9D00137747 /* Utilities */ = {
			isa = PBXGroup;
			children = (
				A4306B431E6814AA00137747 /* RKfgdhfjgmj.swift */,
			);
			path = Utilities;
			sourceTree = "<group>";
		};
/* End PBXGroup section */

/* Begin PBXNativeTarget section */
		4A4EB9E61E65DB89007178BA /* Ryuk */ = {
			isa = PBXNativeTarget;
			buildConfigurationList = 4A4EB9F91E65DB8A007178BA /* Build configuration list for PBXNativeTarget "Ryuk" */;
			buildPhases = (
				8CEF29D6DCE6084F49611D4E /* [CP] Check Pods Manifest.lock */,
				4A4EB9E31E65DB89007178BA /* Sources */,
				4A4EB9E41E65DB89007178BA /* Frameworks */,
				4A4EB9E51E65DB89007178BA /* Resources */,
				3C5CE74FC2927F122AD12403 /* [CP] Embed Pods Frameworks */,
				2452BB69009929433A3A546E /* [CP] Copy Pods Resources */,
			);
			buildRules = (
			);
			dependencies = (
			);
			name = Ryuk;
			productName = Ryuk;
			productReference = 4A4EB9E71E65DB8A007178BA /* Ryuk.app */;
			productType = "com.apple.product-type.application";
		};
/* End PBXNativeTarget section */

/* Begin PBXProject section */
		4A4EB9DF1E65DB89007178BA /* Project object */ = {
			isa = PBXProject;
			attributes = {
				CLASSPREFIX = RK;
				LastSwiftUpdateCheck = 0820;
				LastUpgradeCheck = 0820;
				ORGANIZATIONNAME = Ryukie;
				TargetAttributes = {
					4A4EB9E61E65DB89007178BA = {
						CreatedOnToolsVersion = 8.2.1;
						DevelopmentTeam = DE9LJ533VH;
						ProvisioningStyle = Automatic;
					};
				};
			};
			buildConfigurationList = 4A4EB9E21E65DB89007178BA /* Build configuration list for PBXProject "Ryuk" */;
			compatibilityVersion = "Xcode 3.2";
			developmentRegion = English;
			hasScannedForEncodings = 0;
			knownRegions = (
				en,
				Base,
			);
			mainGroup = 4A4EB9DE1E65DB89007178BA;
			productRefGroup = 4A4EB9E81E65DB8A007178BA /* Products */;
			projectDirPath = "";
			projectRoot = "";
			targets = (
				4A4EB9E61E65DB89007178BA /* Ryuk */,
			);
		};
/* End PBXProject section */

/* Begin PBXResourcesBuildPhase section */
		4A4EB9E51E65DB89007178BA /* Resources */ = {
			isa = PBXResourcesBuildPhase;
			buildActionMask = 2147483647;
			files = (
				4A4EB9F51E65DB8A007178BA /* LaunchScreen.storyboard in Resources */,
				4A4EB9F21E65DB8A007178BA /* Assets.xcassets in Resources */,
			);
			runOnlyForDeploymentPostprocessing = 0;
		};
/* End PBXResourcesBuildPhase section */

/* Begin PBXShellScriptBuildPhase section */
		2452BB69009929433A3A546E /* [CP] Copy Pods Resources */ = {
			isa = PBXShellScriptBuildPhase;
			buildActionMask = 2147483647;
			files = (
			);
			inputPaths = (
			);
			name = "[CP] Copy Pods Resources";
			outputPaths = (
			);
			runOnlyForDeploymentPostprocessing = 0;
			shellPath = /bin/sh;
			shellScript = "\"${SRCROOT}/Pods/Target Support Files/Pods-Ryuk/Pods-Ryuk-resources.sh\"\n";
			showEnvVarsInLog = 0;
		};
		3C5CE74FC2927F122AD12403 /* [CP] Embed Pods Frameworks */ = {
			isa = PBXShellScriptBuildPhase;
			buildActionMask = 2147483647;
			files = (
			);
			inputPaths = (
			);
			name = "[CP] Embed Pods Frameworks";
			outputPaths = (
			);
			runOnlyForDeploymentPostprocessing = 0;
			shellPath = /bin/sh;
			shellScript = "\"${SRCROOT}/Pods/Target Support Files/Pods-Ryuk/Pods-Ryuk-frameworks.sh\"\n";
			showEnvVarsInLog = 0;
		};
		8CEF29D6DCE6084F49611D4E /* [CP] Check Pods Manifest.lock */ = {
			isa = PBXShellScriptBuildPhase;
			buildActionMask = 2147483647;
			files = (
			);
			inputPaths = (
			);
			name = "[CP] Check Pods Manifest.lock";
			outputPaths = (
			);
			runOnlyForDeploymentPostprocessing = 0;
			shellPath = /bin/sh;
			shellScript = "diff \"${PODS_ROOT}/../Podfile.lock\" \"${PODS_ROOT}/Manifest.lock\" > /dev/null\nif [ $? != 0 ] ; then\n    # print error to STDERR\n    echo \"error: The sandbox is not in sync with the Podfile.lock. Run 'pod install' or update your CocoaPods installation.\" >&2\n    exit 1\nfi\n";
			showEnvVarsInLog = 0;
		};
/* End PBXShellScriptBuildPhase section */

/* Begin PBXSourcesBuildPhase section */
		4A4EB9E31E65DB89007178BA /* Sources */ = {
			isa = PBXSourcesBuildPhase;
			buildActionMask = 2147483647;
			files = (
				A4306B421E6814A000137747 /* RKwerwrebb.swift in Sources */,
				A4306B3A1E67FFE900137747 /* RKUIConfig.swift in Sources */,
				A4306B401E68149400137747 /* RKertbrtbfgb.swift in Sources */,
				A4306B3C1E68038E00137747 /* RKMainTabBarController.swift in Sources */,
				A4306B361E67FC9500137747 /* AppDelegate.swift in Sources */,
				A4306B381E67FDBD00137747 /* RKMainNavigationController.swift in Sources */,
				A4306B441E6814AA00137747 /* RKfgdhfjgmj.swift in Sources */,
				4A4EB9ED1E65DB8A007178BA /* ViewController.swift in Sources */,
				A4306B3E1E68148700137747 /* RKadasfgd.swift in Sources */,
			);
			runOnlyForDeploymentPostprocessing = 0;
		};
/* End PBXSourcesBuildPhase section */

/* Begin PBXVariantGroup section */
		4A4EB9F31E65DB8A007178BA /* LaunchScreen.storyboard */ = {
			isa = PBXVariantGroup;
			children = (
				4A4EB9F41E65DB8A007178BA /* Base */,
			);
			name = LaunchScreen.storyboard;
			sourceTree = "<group>";
		};
/* End PBXVariantGroup section */

/* Begin XCBuildConfiguration section */
		4A4EB9F71E65DB8A007178BA /* Debug */ = {
			isa = XCBuildConfiguration;
			buildSettings = {
				ALWAYS_SEARCH_USER_PATHS = NO;
				CLANG_ANALYZER_NONNULL = YES;
				CLANG_CXX_LANGUAGE_STANDARD = "gnu++0x";
				CLANG_CXX_LIBRARY = "libc++";
				CLANG_ENABLE_MODULES = YES;
				CLANG_ENABLE_OBJC_ARC = YES;
				CLANG_WARN_BOOL_CONVERSION = YES;
				CLANG_WARN_CONSTANT_CONVERSION = YES;
				CLANG_WARN_DIRECT_OBJC_ISA_USAGE = YES_ERROR;
				CLANG_WARN_DOCUMENTATION_COMMENTS = YES;
				CLANG_WARN_EMPTY_BODY = YES;
				CLANG_WARN_ENUM_CONVERSION = YES;
				CLANG_WARN_INFINITE_RECURSION = YES;
				CLANG_WARN_INT_CONVERSION = YES;
				CLANG_WARN_OBJC_ROOT_CLASS = YES_ERROR;
				CLANG_WARN_SUSPICIOUS_MOVE = YES;
				CLANG_WARN_UNREACHABLE_CODE = YES;
				CLANG_WARN__DUPLICATE_METHOD_MATCH = YES;
				"CODE_SIGN_IDENTITY[sdk=iphoneos*]" = "iPhone Developer";
				COPY_PHASE_STRIP = NO;
				DEBUG_INFORMATION_FORMAT = dwarf;
				ENABLE_STRICT_OBJC_MSGSEND = YES;
				ENABLE_TESTABILITY = YES;
				GCC_C_LANGUAGE_STANDARD = gnu99;
				GCC_DYNAMIC_NO_PIC = NO;
				GCC_NO_COMMON_BLOCKS = YES;
				GCC_OPTIMIZATION_LEVEL = 0;
				GCC_PREPROCESSOR_DEFINITIONS = (
					"DEBUG=1",
					"$(inherited)",
				);
				GCC_WARN_64_TO_32_BIT_CONVERSION = YES;
				GCC_WARN_ABOUT_RETURN_TYPE = YES_ERROR;
				GCC_WARN_UNDECLARED_SELECTOR = YES;
				GCC_WARN_UNINITIALIZED_AUTOS = YES_AGGRESSIVE;
				GCC_WARN_UNUSED_FUNCTION = YES;
				GCC_WARN_UNUSED_VARIABLE = YES;
				IPHONEOS_DEPLOYMENT_TARGET = 10.2;
				MTL_ENABLE_DEBUG_INFO = YES;
				ONLY_ACTIVE_ARCH = YES;
				SDKROOT = iphoneos;
				SWIFT_ACTIVE_COMPILATION_CONDITIONS = DEBUG;
				SWIFT_OPTIMIZATION_LEVEL = "-Onone";
			};
			name = Debug;
		};
		4A4EB9F81E65DB8A007178BA /* Release */ = {
			isa = XCBuildConfiguration;
			buildSettings = {
				ALWAYS_SEARCH_USER_PATHS = NO;
				CLANG_ANALYZER_NONNULL = YES;
				CLANG_CXX_LANGUAGE_STANDARD = "gnu++0x";
				CLANG_CXX_LIBRARY = "libc++";
				CLANG_ENABLE_MODULES = YES;
				CLANG_ENABLE_OBJC_ARC = YES;
				CLANG_WARN_BOOL_CONVERSION = YES;
				CLANG_WARN_CONSTANT_CONVERSION = YES;
				CLANG_WARN_DIRECT_OBJC_ISA_USAGE = YES_ERROR;
				CLANG_WARN_DOCUMENTATION_COMMENTS = YES;
				CLANG_WARN_EMPTY_BODY = YES;
				CLANG_WARN_ENUM_CONVERSION = YES;
				CLANG_WARN_INFINITE_RECURSION = YES;
				CLANG_WARN_INT_CONVERSION = YES;
				CLANG_WARN_OBJC_ROOT_CLASS = YES_ERROR;
				CLANG_WARN_SUSPICIOUS_MOVE = YES;
				CLANG_WARN_UNREACHABLE_CODE = YES;
				CLANG_WARN__DUPLICATE_METHOD_MATCH = YES;
				"CODE_SIGN_IDENTITY[sdk=iphoneos*]" = "iPhone Developer";
				COPY_PHASE_STRIP = NO;
				DEBUG_INFORMATION_FORMAT = "dwarf-with-dsym";
				ENABLE_NS_ASSERTIONS = NO;
				ENABLE_STRICT_OBJC_MSGSEND = YES;
				GCC_C_LANGUAGE_STANDARD = gnu99;
				GCC_NO_COMMON_BLOCKS = YES;
				GCC_WARN_64_TO_32_BIT_CONVERSION = YES;
				GCC_WARN_ABOUT_RETURN_TYPE = YES_ERROR;
				GCC_WARN_UNDECLARED_SELECTOR = YES;
				GCC_WARN_UNINITIALIZED_AUTOS = YES_AGGRESSIVE;
				GCC_WARN_UNUSED_FUNCTION = YES;
				GCC_WARN_UNUSED_VARIABLE = YES;
				IPHONEOS_DEPLOYMENT_TARGET = 10.2;
				MTL_ENABLE_DEBUG_INFO = NO;
				SDKROOT = iphoneos;
				SWIFT_OPTIMIZATION_LEVEL = "-Owholemodule";
				VALIDATE_PRODUCT = YES;
			};
			name = Release;
		};
		4A4EB9FA1E65DB8A007178BA /* Debug */ = {
			isa = XCBuildConfiguration;
			baseConfigurationReference = A7ED7BB2B075FE3E8A5D9BA1 /* Pods-Ryuk.debug.xcconfig */;
			buildSettings = {
				ASSETCATALOG_COMPILER_APPICON_NAME = AppIcon;
				DEVELOPMENT_TEAM = DE9LJ533VH;
				INFOPLIST_FILE = Ryuk/Info.plist;
				LD_RUNPATH_SEARCH_PATHS = "$(inherited) @executable_path/Frameworks";
				PRODUCT_BUNDLE_IDENTIFIER = "cn.Ryukie.-";
				PRODUCT_NAME = "$(TARGET_NAME)";
				SWIFT_VERSION = 3.0;
			};
			name = Debug;
		};
		4A4EB9FB1E65DB8A007178BA /* Release */ = {
			isa = XCBuildConfiguration;
			baseConfigurationReference = BD9EBA16B07CFD5389702E75 /* Pods-Ryuk.release.xcconfig */;
			buildSettings = {
				ASSETCATALOG_COMPILER_APPICON_NAME = AppIcon;
				DEVELOPMENT_TEAM = DE9LJ533VH;
				INFOPLIST_FILE = Ryuk/Info.plist;
				LD_RUNPATH_SEARCH_PATHS = "$(inherited) @executable_path/Frameworks";
				PRODUCT_BUNDLE_IDENTIFIER = "cn.Ryukie.-";
				PRODUCT_NAME = "$(TARGET_NAME)";
				SWIFT_VERSION = 3.0;
			};
			name = Release;
		};
/* End XCBuildConfiguration section */

/* Begin XCConfigurationList section */
		4A4EB9E21E65DB89007178BA /* Build configuration list for PBXProject "Ryuk" */ = {
			isa = XCConfigurationList;
			buildConfigurations = (
				4A4EB9F71E65DB8A007178BA /* Debug */,
				4A4EB9F81E65DB8A007178BA /* Release */,
			);
			defaultConfigurationIsVisible = 0;
			defaultConfigurationName = Release;
		};
		4A4EB9F91E65DB8A007178BA /* Build configuration list for PBXNativeTarget "Ryuk" */ = {
			isa = XCConfigurationList;
			buildConfigurations = (
				4A4EB9FA1E65DB8A007178BA /* Debug */,
				4A4EB9FB1E65DB8A007178BA /* Release */,
			);
			defaultConfigurationIsVisible = 0;
			defaultConfigurationName = Release;
		};
/* End XCConfigurationList section */
	};
	rootObject = 4A4EB9DF1E65DB89007178BA /* Project object */;
}
